
Microsoft Visual Studio Solution File, Format Version 12.00
# Visual Studio 15
VisualStudioVersion = 15.0.28010.2046
MinimumVisualStudioVersion = 10.0.40219.1
Project("{FAE04EC0-301F-11D3-BF4B-00C04F79EFBC}") = "SortAnalyser.Core", "SortAnalyser.Core\SortAnalyser.Core.csproj", "{18615051-0149-4E63-B3E5-CA7AA9F934C0}"
EndProject
Project("{FAE04EC0-301F-11D3-BF4B-00C04F79EFBC}") = "SortAnalyser.Console", "SortAnalyser.Console\SortAnalyser.Console.csproj", "{CC43BAF8-D27E-49BA-AB46-707F38A4A03B}"
EndProject
Global
	GlobalSection(SolutionConfigurationPlatforms) = preSolution
		Debug|Any CPU = Debug|Any CPU
		Release|Any CPU = Release|Any CPU
	EndGlobalSection
	GlobalSection(ProjectConfigurationPlatforms) = postSolution
		{18615051-0149-4E63-B3E5-CA7AA9F934C0}.Debug|Any CPU.ActiveCfg = Debug|Any CPU
		{18615051-0149-4E63-B3E5-CA7AA9F934C0}.Debug|Any CPU.Build.0 = Debug|Any CPU
		{18615051-0149-4E63-B3E5-CA7AA9F934C0}.Release|Any CPU.ActiveCfg = Release|Any CPU
		{18615051-0149-4E63-B3E5-CA7AA9F934C0}.Release|Any CPU.Build.0 = Release|Any CPU
		{CC43BAF8-D27E-49BA-AB46-707F38A4A03B}.Debug|Any CPU.ActiveCfg = Debug|Any CPU
		{CC43BAF8-D27E-49BA-AB46-707F38A4A03B}.Debug|Any CPU.Build.0 = Debug|Any CPU
		{CC43BAF8-D27E-49BA-AB46-707F38A4A03B}.Release|Any CPU.ActiveCfg = Release|Any CPU
		{CC43BAF8-D27E-49BA-AB46-707F38A4A03B}.Release|Any CPU.Build.0 = Release|Any CPU
	EndGlobalSection
	GlobalSection(SolutionProperties) = preSolution
		HideSolutionNode = FALSE
	EndGlobalSection
	GlobalSection(ExtensibilityGlobals) = postSolution
		SolutionGuid = {EE60244E-90AF-4951-81B7-82F61535E88F}
	EndGlobalSection
EndGlobal
